
Microsoft Visual Studio Solution File, Format Version 12.00
# Visual Studio Version 17
VisualStudioVersion = 17.13.35931.197 d17.13
MinimumVisualStudioVersion = 10.0.40219.1
Project("{FAE04EC0-301F-11D3-BF4B-00C04F79EFBC}") = "11_ColecaoLista", "11_ColecaoLista.csproj", "{ED060A6E-1789-4372-BEEB-55AC616CE85C}"
EndProject
Global
	GlobalSection(SolutionConfigurationPlatforms) = preSolution
		Debug|Any CPU = Debug|Any CPU
		Release|Any CPU = Release|Any CPU
	EndGlobalSection
	GlobalSection(ProjectConfigurationPlatforms) = postSolution
		{ED060A6E-1789-4372-BEEB-55AC616CE85C}.Debug|Any CPU.ActiveCfg = Debug|Any CPU
		{ED060A6E-1789-4372-BEEB-55AC616CE85C}.Debug|Any CPU.Build.0 = Debug|Any CPU
		{ED060A6E-1789-4372-BEEB-55AC616CE85C}.Release|Any CPU.ActiveCfg = Release|Any CPU
		{ED060A6E-1789-4372-BEEB-55AC616CE85C}.Release|Any CPU.Build.0 = Release|Any CPU
	EndGlobalSection
	GlobalSection(SolutionProperties) = preSolution
		HideSolutionNode = FALSE
	EndGlobalSection
	GlobalSection(ExtensibilityGlobals) = postSolution
		SolutionGuid = {657103F4-4AF5-4033-B2B2-2E38A6C4806C}
	EndGlobalSection
EndGlobal
