
Microsoft Visual Studio Solution File, Format Version 12.00
# Visual Studio Version 17
VisualStudioVersion = 17.13.35931.197 d17.13
MinimumVisualStudioVersion = 10.0.40219.1
Project("{FAE04EC0-301F-11D3-BF4B-00C04F79EFBC}") = "08_Aluno", "08_Aluno.csproj", "{48976FAB-0547-429E-90B9-BEFC0481D2A4}"
EndProject
Global
	GlobalSection(SolutionConfigurationPlatforms) = preSolution
		Debug|Any CPU = Debug|Any CPU
		Release|Any CPU = Release|Any CPU
	EndGlobalSection
	GlobalSection(ProjectConfigurationPlatforms) = postSolution
		{48976FAB-0547-429E-90B9-BEFC0481D2A4}.Debug|Any CPU.ActiveCfg = Debug|Any CPU
		{48976FAB-0547-429E-90B9-BEFC0481D2A4}.Debug|Any CPU.Build.0 = Debug|Any CPU
		{48976FAB-0547-429E-90B9-BEFC0481D2A4}.Release|Any CPU.ActiveCfg = Release|Any CPU
		{48976FAB-0547-429E-90B9-BEFC0481D2A4}.Release|Any CPU.Build.0 = Release|Any CPU
	EndGlobalSection
	GlobalSection(SolutionProperties) = preSolution
		HideSolutionNode = FALSE
	EndGlobalSection
	GlobalSection(ExtensibilityGlobals) = postSolution
		SolutionGuid = {19062707-C2DA-4BF0-9BBE-E85844A5C98D}
	EndGlobalSection
EndGlobal
