
Microsoft Visual Studio Solution File, Format Version 12.00
# Visual Studio Version 17
VisualStudioVersion = 17.13.35931.197 d17.13
MinimumVisualStudioVersion = 10.0.40219.1
Project("{FAE04EC0-301F-11D3-BF4B-00C04F79EFBC}") = "23_LeituraArquivoComExcecao", "23_LeituraArquivoComExcecao.csproj", "{0CE54059-0B6B-4DB9-8E66-21186C18E7AC}"
EndProject
Global
	GlobalSection(SolutionConfigurationPlatforms) = preSolution
		Debug|Any CPU = Debug|Any CPU
		Release|Any CPU = Release|Any CPU
	EndGlobalSection
	GlobalSection(ProjectConfigurationPlatforms) = postSolution
		{0CE54059-0B6B-4DB9-8E66-21186C18E7AC}.Debug|Any CPU.ActiveCfg = Debug|Any CPU
		{0CE54059-0B6B-4DB9-8E66-21186C18E7AC}.Debug|Any CPU.Build.0 = Debug|Any CPU
		{0CE54059-0B6B-4DB9-8E66-21186C18E7AC}.Release|Any CPU.ActiveCfg = Release|Any CPU
		{0CE54059-0B6B-4DB9-8E66-21186C18E7AC}.Release|Any CPU.Build.0 = Release|Any CPU
	EndGlobalSection
	GlobalSection(SolutionProperties) = preSolution
		HideSolutionNode = FALSE
	EndGlobalSection
	GlobalSection(ExtensibilityGlobals) = postSolution
		SolutionGuid = {3DF8DE69-32D7-43D0-A794-DD32C9C8A417}
	EndGlobalSection
EndGlobal
