
Microsoft Visual Studio Solution File, Format Version 12.00
# Visual Studio Version 17
VisualStudioVersion = 17.13.35931.197 d17.13
MinimumVisualStudioVersion = 10.0.40219.1
Project("{FAE04EC0-301F-11D3-BF4B-00C04F79EFBC}") = "Teste", "Teste.csproj", "{F85195A0-E9A6-41F7-A3FC-87D2FBD636C2}"
EndProject
Global
	GlobalSection(SolutionConfigurationPlatforms) = preSolution
		Debug|Any CPU = Debug|Any CPU
		Release|Any CPU = Release|Any CPU
	EndGlobalSection
	GlobalSection(ProjectConfigurationPlatforms) = postSolution
		{F85195A0-E9A6-41F7-A3FC-87D2FBD636C2}.Debug|Any CPU.ActiveCfg = Debug|Any CPU
		{F85195A0-E9A6-41F7-A3FC-87D2FBD636C2}.Debug|Any CPU.Build.0 = Debug|Any CPU
		{F85195A0-E9A6-41F7-A3FC-87D2FBD636C2}.Release|Any CPU.ActiveCfg = Release|Any CPU
		{F85195A0-E9A6-41F7-A3FC-87D2FBD636C2}.Release|Any CPU.Build.0 = Release|Any CPU
	EndGlobalSection
	GlobalSection(SolutionProperties) = preSolution
		HideSolutionNode = FALSE
	EndGlobalSection
	GlobalSection(ExtensibilityGlobals) = postSolution
		SolutionGuid = {A377D849-F8A4-44BF-A781-B39D1CB2AD72}
	EndGlobalSection
EndGlobal
