
Microsoft Visual Studio Solution File, Format Version 12.00
# Visual Studio Version 17
VisualStudioVersion = 17.13.35931.197 d17.13
MinimumVisualStudioVersion = 10.0.40219.1
Project("{FAE04EC0-301F-11D3-BF4B-00C04F79EFBC}") = "13_ColecaoPilha", "13_ColecaoPilha.csproj", "{98861AA0-B27B-4363-B3D2-CCAC3E9F0AF7}"
EndProject
Global
	GlobalSection(SolutionConfigurationPlatforms) = preSolution
		Debug|Any CPU = Debug|Any CPU
		Release|Any CPU = Release|Any CPU
	EndGlobalSection
	GlobalSection(ProjectConfigurationPlatforms) = postSolution
		{98861AA0-B27B-4363-B3D2-CCAC3E9F0AF7}.Debug|Any CPU.ActiveCfg = Debug|Any CPU
		{98861AA0-B27B-4363-B3D2-CCAC3E9F0AF7}.Debug|Any CPU.Build.0 = Debug|Any CPU
		{98861AA0-B27B-4363-B3D2-CCAC3E9F0AF7}.Release|Any CPU.ActiveCfg = Release|Any CPU
		{98861AA0-B27B-4363-B3D2-CCAC3E9F0AF7}.Release|Any CPU.Build.0 = Release|Any CPU
	EndGlobalSection
	GlobalSection(SolutionProperties) = preSolution
		HideSolutionNode = FALSE
	EndGlobalSection
	GlobalSection(ExtensibilityGlobals) = postSolution
		SolutionGuid = {509099BE-04C3-4938-AA92-C40991346936}
	EndGlobalSection
EndGlobal
