
Microsoft Visual Studio Solution File, Format Version 12.00
# Visual Studio Version 17
VisualStudioVersion = 17.13.35931.197 d17.13
MinimumVisualStudioVersion = 10.0.40219.1
Project("{FAE04EC0-301F-11D3-BF4B-00C04F79EFBC}") = "22_DivisaoComExcecao", "22_DivisaoComExcecao.csproj", "{3569564E-D8D8-4009-8F09-F9963FEF891D}"
EndProject
Global
	GlobalSection(SolutionConfigurationPlatforms) = preSolution
		Debug|Any CPU = Debug|Any CPU
		Release|Any CPU = Release|Any CPU
	EndGlobalSection
	GlobalSection(ProjectConfigurationPlatforms) = postSolution
		{3569564E-D8D8-4009-8F09-F9963FEF891D}.Debug|Any CPU.ActiveCfg = Debug|Any CPU
		{3569564E-D8D8-4009-8F09-F9963FEF891D}.Debug|Any CPU.Build.0 = Debug|Any CPU
		{3569564E-D8D8-4009-8F09-F9963FEF891D}.Release|Any CPU.ActiveCfg = Release|Any CPU
		{3569564E-D8D8-4009-8F09-F9963FEF891D}.Release|Any CPU.Build.0 = Release|Any CPU
	EndGlobalSection
	GlobalSection(SolutionProperties) = preSolution
		HideSolutionNode = FALSE
	EndGlobalSection
	GlobalSection(ExtensibilityGlobals) = postSolution
		SolutionGuid = {6E1DB973-97C8-4BA1-B98F-C68A0D3D2837}
	EndGlobalSection
EndGlobal
